
Microsoft Visual Studio Solution File, Format Version 12.00
# Visual Studio Version 16
VisualStudioVersion = 16.0.30907.101
MinimumVisualStudioVersion = 10.0.40219.1
Project("{FAE04EC0-301F-11D3-BF4B-00C04F79EFBC}") = "DayFourHomeworkFive", "DayFourHomeworkFive\DayFourHomeworkFive.csproj", "{4DF7416E-3B58-45F2-82F4-D4891154F022}"
EndProject
Global
	GlobalSection(SolutionConfigurationPlatforms) = preSolution
		Debug|Any CPU = Debug|Any CPU
		Release|Any CPU = Release|Any CPU
	EndGlobalSection
	GlobalSection(ProjectConfigurationPlatforms) = postSolution
		{4DF7416E-3B58-45F2-82F4-D4891154F022}.Debug|Any CPU.ActiveCfg = Debug|Any CPU
		{4DF7416E-3B58-45F2-82F4-D4891154F022}.Debug|Any CPU.Build.0 = Debug|Any CPU
		{4DF7416E-3B58-45F2-82F4-D4891154F022}.Release|Any CPU.ActiveCfg = Release|Any CPU
		{4DF7416E-3B58-45F2-82F4-D4891154F022}.Release|Any CPU.Build.0 = Release|Any CPU
	EndGlobalSection
	GlobalSection(SolutionProperties) = preSolution
		HideSolutionNode = FALSE
	EndGlobalSection
	GlobalSection(ExtensibilityGlobals) = postSolution
		SolutionGuid = {14BDC96B-2FA4-43E7-B7D7-4CD89A85100D}
	EndGlobalSection
EndGlobal
